# THIS IS AN AUTOGENERATED FILE. DO NOT EDIT THIS FILE DIRECTLY.
# yarn lockfile v1


"@babel/code-frame@^7.0.0":
  version "7.24.7"
  resolved "https://registry.yarnpkg.com/@babel/code-frame/-/code-frame-7.24.7.tgz#882fd9e09e8ee324e496bd040401c6f046ef4465"
  integrity sha512-BcYH1CVJBO9tvyIZ2jVeXgSIMvGZ2FDRvDdOIVQyuklNKSsx+eppDEBq/g47Ayw+RqNFE+URvOShmf+f/qwAlA==
  dependencies:
    "@babel/highlight" "^7.24.7"
    picocolors "^1.0.0"

"@babel/helper-validator-identifier@^7.24.7":
  version "7.24.7"
  resolved "https://registry.yarnpkg.com/@babel/helper-validator-identifier/-/helper-validator-identifier-7.24.7.tgz#75b889cfaf9e35c2aaf42cf0d72c8e91719251db"
  integrity sha512-rR+PBcQ1SMQDDyF6X0wxtG8QyLCgUB0eRAGguqRLfkCA87l7yAP7ehq8SNj96OOGTO8OBV70KhuFYcIkHXOg0w==

"@babel/highlight@^7.24.7":
  version "7.24.7"
  resolved "https://registry.yarnpkg.com/@babel/highlight/-/highlight-7.24.7.tgz#a05ab1df134b286558aae0ed41e6c5f731bf409d"
  integrity sha512-EStJpq4OuY8xYfhGVXngigBJRWxftKX9ksiGDnmlY3o7B/V7KIAc9X4oiK87uPJSc/vs5L869bem5fhZa8caZw==
  dependencies:
    "@babel/helper-validator-identifier" "^7.24.7"
    chalk "^2.4.2"
    js-tokens "^4.0.0"
    picocolors "^1.0.0"

"@rollup/pluginutils@^4.1.2":
  version "4.2.1"
  resolved "https://registry.yarnpkg.com/@rollup/pluginutils/-/pluginutils-4.2.1.tgz#e6c6c3aba0744edce3fb2074922d3776c0af2a6d"
  integrity sha512-iKnFXr7NkdZAIHiIWE+BX5ULi/ucVFYWD6TbAV+rZctiRTY2PL6tsIKhoIOaoskiWAkgu+VsbXgUVDNLHf+InQ==
  dependencies:
    estree-walker "^2.0.1"
    picomatch "^2.2.2"

"@rollup/rollup-android-arm-eabi@4.21.3":
  version "4.21.3"
  resolved "https://registry.yarnpkg.com/@rollup/rollup-android-arm-eabi/-/rollup-android-arm-eabi-4.21.3.tgz#155c7d82c1b36c3ad84d9adf9b3cd520cba81a0f"
  integrity sha512-MmKSfaB9GX+zXl6E8z4koOr/xU63AMVleLEa64v7R0QF/ZloMs5vcD1sHgM64GXXS1csaJutG+ddtzcueI/BLg==

"@rollup/rollup-android-arm64@4.21.3":
  version "4.21.3"
  resolved "https://registry.yarnpkg.com/@rollup/rollup-android-arm64/-/rollup-android-arm64-4.21.3.tgz#b94b6fa002bd94a9cbd8f9e47e23b25e5bd113ba"
  integrity sha512-zrt8ecH07PE3sB4jPOggweBjJMzI1JG5xI2DIsUbkA+7K+Gkjys6eV7i9pOenNSDJH3eOr/jLb/PzqtmdwDq5g==

"@rollup/rollup-darwin-arm64@4.21.3":
  version "4.21.3"
  resolved "https://registry.yarnpkg.com/@rollup/rollup-darwin-arm64/-/rollup-darwin-arm64-4.21.3.tgz#0934126cf9cbeadfe0eb7471ab5d1517e8cd8dcc"
  integrity sha512-P0UxIOrKNBFTQaXTxOH4RxuEBVCgEA5UTNV6Yz7z9QHnUJ7eLX9reOd/NYMO3+XZO2cco19mXTxDMXxit4R/eQ==

"@rollup/rollup-darwin-x64@4.21.3":
  version "4.21.3"
  resolved "https://registry.yarnpkg.com/@rollup/rollup-darwin-x64/-/rollup-darwin-x64-4.21.3.tgz#0ce8e1e0f349778938c7c90e4bdc730640e0a13e"
  integrity sha512-L1M0vKGO5ASKntqtsFEjTq/fD91vAqnzeaF6sfNAy55aD+Hi2pBI5DKwCO+UNDQHWsDViJLqshxOahXyLSh3EA==

"@rollup/rollup-linux-arm-gnueabihf@4.21.3":
  version "4.21.3"
  resolved "https://registry.yarnpkg.com/@rollup/rollup-linux-arm-gnueabihf/-/rollup-linux-arm-gnueabihf-4.21.3.tgz#5669d34775ad5d71e4f29ade99d0ff4df523afb6"
  integrity sha512-btVgIsCjuYFKUjopPoWiDqmoUXQDiW2A4C3Mtmp5vACm7/GnyuprqIDPNczeyR5W8rTXEbkmrJux7cJmD99D2g==

"@rollup/rollup-linux-arm-musleabihf@4.21.3":
  version "4.21.3"
  resolved "https://registry.yarnpkg.com/@rollup/rollup-linux-arm-musleabihf/-/rollup-linux-arm-musleabihf-4.21.3.tgz#f6d1a0e1da4061370cb2f4244fbdd727c806dd88"
  integrity sha512-zmjbSphplZlau6ZTkxd3+NMtE4UKVy7U4aVFMmHcgO5CUbw17ZP6QCgyxhzGaU/wFFdTfiojjbLG3/0p9HhAqA==

"@rollup/rollup-linux-arm64-gnu@4.21.3":
  version "4.21.3"
  resolved "https://registry.yarnpkg.com/@rollup/rollup-linux-arm64-gnu/-/rollup-linux-arm64-gnu-4.21.3.tgz#ed96a05e99743dee4d23cc4913fc6e01a0089c88"
  integrity sha512-nSZfcZtAnQPRZmUkUQwZq2OjQciR6tEoJaZVFvLHsj0MF6QhNMg0fQ6mUOsiCUpTqxTx0/O6gX0V/nYc7LrgPw==

"@rollup/rollup-linux-arm64-musl@4.21.3":
  version "4.21.3"
  resolved "https://registry.yarnpkg.com/@rollup/rollup-linux-arm64-musl/-/rollup-linux-arm64-musl-4.21.3.tgz#057ea26eaa7e537a06ded617d23d57eab3cecb58"
  integrity sha512-MnvSPGO8KJXIMGlQDYfvYS3IosFN2rKsvxRpPO2l2cum+Z3exiExLwVU+GExL96pn8IP+GdH8Tz70EpBhO0sIQ==

"@rollup/rollup-linux-powerpc64le-gnu@4.21.3":
  version "4.21.3"
  resolved "https://registry.yarnpkg.com/@rollup/rollup-linux-powerpc64le-gnu/-/rollup-linux-powerpc64le-gnu-4.21.3.tgz#6e6e1f9404c9bf3fbd7d51cd11cd288a9a2843aa"
  integrity sha512-+W+p/9QNDr2vE2AXU0qIy0qQE75E8RTwTwgqS2G5CRQ11vzq0tbnfBd6brWhS9bCRjAjepJe2fvvkvS3dno+iw==

"@rollup/rollup-linux-riscv64-gnu@4.21.3":
  version "4.21.3"
  resolved "https://registry.yarnpkg.com/@rollup/rollup-linux-riscv64-gnu/-/rollup-linux-riscv64-gnu-4.21.3.tgz#eef1536a53f6e6658a2a778130e6b1a4a41cb439"
  integrity sha512-yXH6K6KfqGXaxHrtr+Uoy+JpNlUlI46BKVyonGiaD74ravdnF9BUNC+vV+SIuB96hUMGShhKV693rF9QDfO6nQ==

"@rollup/rollup-linux-s390x-gnu@4.21.3":
  version "4.21.3"
  resolved "https://registry.yarnpkg.com/@rollup/rollup-linux-s390x-gnu/-/rollup-linux-s390x-gnu-4.21.3.tgz#2b28fb89ca084efaf8086f435025d96b4a966957"
  integrity sha512-R8cwY9wcnApN/KDYWTH4gV/ypvy9yZUHlbJvfaiXSB48JO3KpwSpjOGqO4jnGkLDSk1hgjYkTbTt6Q7uvPf8eg==

"@rollup/rollup-linux-x64-gnu@4.21.3":
  version "4.21.3"
  resolved "https://registry.yarnpkg.com/@rollup/rollup-linux-x64-gnu/-/rollup-linux-x64-gnu-4.21.3.tgz#5226cde6c6b495b04a3392c1d2c572844e42f06b"
  integrity sha512-kZPbX/NOPh0vhS5sI+dR8L1bU2cSO9FgxwM8r7wHzGydzfSjLRCFAT87GR5U9scj2rhzN3JPYVC7NoBbl4FZ0g==

"@rollup/rollup-linux-x64-musl@4.21.3":
  version "4.21.3"
  resolved "https://registry.yarnpkg.com/@rollup/rollup-linux-x64-musl/-/rollup-linux-x64-musl-4.21.3.tgz#2c2412982e6c2a00a2ecac6d548ebb02f0aa6ca4"
  integrity sha512-S0Yq+xA1VEH66uiMNhijsWAafffydd2X5b77eLHfRmfLsRSpbiAWiRHV6DEpz6aOToPsgid7TI9rGd6zB1rhbg==

"@rollup/rollup-win32-arm64-msvc@4.21.3":
  version "4.21.3"
  resolved "https://registry.yarnpkg.com/@rollup/rollup-win32-arm64-msvc/-/rollup-win32-arm64-msvc-4.21.3.tgz#fbb6ef5379199e2ec0103ef32877b0985c773a55"
  integrity sha512-9isNzeL34yquCPyerog+IMCNxKR8XYmGd0tHSV+OVx0TmE0aJOo9uw4fZfUuk2qxobP5sug6vNdZR6u7Mw7Q+Q==

"@rollup/rollup-win32-ia32-msvc@4.21.3":
  version "4.21.3"
  resolved "https://registry.yarnpkg.com/@rollup/rollup-win32-ia32-msvc/-/rollup-win32-ia32-msvc-4.21.3.tgz#d50e2082e147e24d87fe34abbf6246525ec3845a"
  integrity sha512-nMIdKnfZfzn1Vsk+RuOvl43ONTZXoAPUUxgcU0tXooqg4YrAqzfKzVenqqk2g5efWh46/D28cKFrOzDSW28gTA==

"@rollup/rollup-win32-x64-msvc@4.21.3":
  version "4.21.3"
  resolved "https://registry.yarnpkg.com/@rollup/rollup-win32-x64-msvc/-/rollup-win32-x64-msvc-4.21.3.tgz#4115233aa1bd5a2060214f96d8511f6247093212"
  integrity sha512-fOvu7PCQjAj4eWDEuD8Xz5gpzFqXzGlxHZozHP4b9Jxv9APtdxL6STqztDzMLuRXEc4UpXGGhx029Xgm91QBeA==

"@types/estree@1.0.5":
  version "1.0.5"
  resolved "https://registry.yarnpkg.com/@types/estree/-/estree-1.0.5.tgz#a6ce3e556e00fd9895dd872dd172ad0d4bd687f4"
  integrity sha512-/kYRxGDLWzHOB7q+wtSUQlFrtcdUccpfy+X+9iMBpHK8QLLhx2wIPYuS5DYtR9Wa/YlZAbIovy7qVdB1Aq6Lyw==

"@types/prop-types@*":
  version "15.7.12"
  resolved "https://registry.yarnpkg.com/@types/prop-types/-/prop-types-15.7.12.tgz#12bb1e2be27293c1406acb6af1c3f3a1481d98c6"
  integrity sha512-5zvhXYtRNRluoE/jAp4GVsSduVUzNWKkOZrCDBWYtE7biZywwdC2AcEzg+cSMLFRfVgeAFqpfNabiPjxFddV1Q==

"@types/react-dom@^18.3.0":
  version "18.3.0"
  resolved "https://registry.yarnpkg.com/@types/react-dom/-/react-dom-18.3.0.tgz#0cbc818755d87066ab6ca74fbedb2547d74a82b0"
  integrity sha512-EhwApuTmMBmXuFOikhQLIBUn6uFg81SwLMOAUgodJF14SOBOCMdU04gDoYi0WOJJHD144TL32z4yDqCW3dnkQg==
  dependencies:
    "@types/react" "*"

"@types/react@*", "@types/react@^18.3.5":
  version "18.3.5"
  resolved "https://registry.yarnpkg.com/@types/react/-/react-18.3.5.tgz#5f524c2ad2089c0ff372bbdabc77ca2c4dbadf8f"
  integrity sha512-WeqMfGJLGuLCqHGYRGHxnKrXcTitc6L/nBUWfWPcTarG3t9PsquqUMuVeXZeca+mglY4Vo5GZjCi0A3Or2lnxA==
  dependencies:
    "@types/prop-types" "*"
    csstype "^3.0.2"

ansi-regex@^2.0.0:
  version "2.1.1"
  resolved "https://registry.yarnpkg.com/ansi-regex/-/ansi-regex-2.1.1.tgz#c3b33ab5ee360d86e0e628f0468ae7ef27d654df"
  integrity sha512-TIGnTpdo+E3+pCyAluZvtED5p5wCqLdezCyhPZzKPcxvFplEt4i+W7OONCKgeZFT3+y5NZZfOOS/Bdcanm1MYA==

ansi-styles@^2.2.1:
  version "2.2.1"
  resolved "https://registry.yarnpkg.com/ansi-styles/-/ansi-styles-2.2.1.tgz#b432dd3358b634cf75e1e4664368240533c1ddbe"
  integrity sha512-kmCevFghRiWM7HB5zTPULl4r9bVFSWjz62MhqizDGUrq2NWuNMQyuv4tHHoKJHs69M/MF64lEcHdYIocrdWQYA==

ansi-styles@^3.2.1:
  version "3.2.1"
  resolved "https://registry.yarnpkg.com/ansi-styles/-/ansi-styles-3.2.1.tgz#41fbb20243e50b12be0f04b8dedbf07520ce841d"
  integrity sha512-VT0ZI6kZRdTh8YyJw3SMbYm/u+NqfsAxEpWO0Pf9sq8/e94WxxOpPKx9FR1FlyCtOVDNOQ+8ntlqFxiRc+r5qA==
  dependencies:
    color-convert "^1.9.0"

babel-code-frame@^6.26.0:
  version "6.26.0"
  resolved "https://registry.yarnpkg.com/babel-code-frame/-/babel-code-frame-6.26.0.tgz#63fd43f7dc1e3bb7ce35947db8fe369a3f58c74b"
  integrity sha512-XqYMR2dfdGMW+hd0IUZ2PwK+fGeFkOxZJ0wY+JaQAHzt1Zx8LcvpiZD2NiGkEG8qx0CfkAOr5xt76d1e8vG90g==
  dependencies:
    chalk "^1.1.3"
    esutils "^2.0.2"
    js-tokens "^3.0.2"

babel-core@^6.26.0, babel-core@^6.26.3:
  version "6.26.3"
  resolved "https://registry.yarnpkg.com/babel-core/-/babel-core-6.26.3.tgz#b2e2f09e342d0f0c88e2f02e067794125e75c207"
  integrity sha512-6jyFLuDmeidKmUEb3NM+/yawG0M2bDZ9Z1qbZP59cyHLz8kYGKYwpJP0UwUKKUiTRNvxfLesJnTedqczP7cTDA==
  dependencies:
    babel-code-frame "^6.26.0"
    babel-generator "^6.26.0"
    babel-helpers "^6.24.1"
    babel-messages "^6.23.0"
    babel-register "^6.26.0"
    babel-runtime "^6.26.0"
    babel-template "^6.26.0"
    babel-traverse "^6.26.0"
    babel-types "^6.26.0"
    babylon "^6.18.0"
    convert-source-map "^1.5.1"
    debug "^2.6.9"
    json5 "^0.5.1"
    lodash "^4.17.4"
    minimatch "^3.0.4"
    path-is-absolute "^1.0.1"
    private "^0.1.8"
    slash "^1.0.0"
    source-map "^0.5.7"

babel-generator@^6.26.0:
  version "6.26.1"
  resolved "https://registry.yarnpkg.com/babel-generator/-/babel-generator-6.26.1.tgz#1844408d3b8f0d35a404ea7ac180f087a601bd90"
  integrity sha512-HyfwY6ApZj7BYTcJURpM5tznulaBvyio7/0d4zFOeMPUmfxkCjHocCuoLa2SAGzBI8AREcH3eP3758F672DppA==
  dependencies:
    babel-messages "^6.23.0"
    babel-runtime "^6.26.0"
    babel-types "^6.26.0"
    detect-indent "^4.0.0"
    jsesc "^1.3.0"
    lodash "^4.17.4"
    source-map "^0.5.7"
    trim-right "^1.0.1"

babel-helpers@^6.24.1:
  version "6.24.1"
  resolved "https://registry.yarnpkg.com/babel-helpers/-/babel-helpers-6.24.1.tgz#3471de9caec388e5c850e597e58a26ddf37602b2"
  integrity sha512-n7pFrqQm44TCYvrCDb0MqabAF+JUBq+ijBvNMUxpkLjJaAu32faIexewMumrH5KLLJ1HDyT0PTEqRyAe/GwwuQ==
  dependencies:
    babel-runtime "^6.22.0"
    babel-template "^6.24.1"

babel-messages@^6.23.0:
  version "6.23.0"
  resolved "https://registry.yarnpkg.com/babel-messages/-/babel-messages-6.23.0.tgz#f3cdf4703858035b2a2951c6ec5edf6c62f2630e"
  integrity sha512-Bl3ZiA+LjqaMtNYopA9TYE9HP1tQ+E5dLxE0XrAzcIJeK2UqF0/EaqXwBn9esd4UmTfEab+P+UYQ1GnioFIb/w==
  dependencies:
    babel-runtime "^6.22.0"

babel-register@^6.26.0:
  version "6.26.0"
  resolved "https://registry.yarnpkg.com/babel-register/-/babel-register-6.26.0.tgz#6ed021173e2fcb486d7acb45c6009a856f647071"
  integrity sha512-veliHlHX06wjaeY8xNITbveXSiI+ASFnOqvne/LaIJIqOWi2Ogmj91KOugEz/hoh/fwMhXNBJPCv8Xaz5CyM4A==
  dependencies:
    babel-core "^6.26.0"
    babel-runtime "^6.26.0"
    core-js "^2.5.0"
    home-or-tmp "^2.0.0"
    lodash "^4.17.4"
    mkdirp "^0.5.1"
    source-map-support "^0.4.15"

babel-runtime@^6.22.0, babel-runtime@^6.26.0:
  version "6.26.0"
  resolved "https://registry.yarnpkg.com/babel-runtime/-/babel-runtime-6.26.0.tgz#965c7058668e82b55d7bfe04ff2337bc8b5647fe"
  integrity sha512-ITKNuq2wKlW1fJg9sSW52eepoYgZBggvOAHC0u/CYu/qxQ9EVzThCgR69BnSXLHjy2f7SY5zaQ4yt7H9ZVxY2g==
  dependencies:
    core-js "^2.4.0"
    regenerator-runtime "^0.11.0"

babel-template@^6.24.1, babel-template@^6.26.0:
  version "6.26.0"
  resolved "https://registry.yarnpkg.com/babel-template/-/babel-template-6.26.0.tgz#de03e2d16396b069f46dd9fff8521fb1a0e35e02"
  integrity sha512-PCOcLFW7/eazGUKIoqH97sO9A2UYMahsn/yRQ7uOk37iutwjq7ODtcTNF+iFDSHNfkctqsLRjLP7URnOx0T1fg==
  dependencies:
    babel-runtime "^6.26.0"
    babel-traverse "^6.26.0"
    babel-types "^6.26.0"
    babylon "^6.18.0"
    lodash "^4.17.4"

babel-traverse@^6.26.0:
  version "6.26.0"
  resolved "https://registry.yarnpkg.com/babel-traverse/-/babel-traverse-6.26.0.tgz#46a9cbd7edcc62c8e5c064e2d2d8d0f4035766ee"
  integrity sha512-iSxeXx7apsjCHe9c7n8VtRXGzI2Bk1rBSOJgCCjfyXb6v1aCqE1KSEpq/8SXuVN8Ka/Rh1WDTF0MDzkvTA4MIA==
  dependencies:
    babel-code-frame "^6.26.0"
    babel-messages "^6.23.0"
    babel-runtime "^6.26.0"
    babel-types "^6.26.0"
    babylon "^6.18.0"
    debug "^2.6.8"
    globals "^9.18.0"
    invariant "^2.2.2"
    lodash "^4.17.4"

babel-types@^6.26.0:
  version "6.26.0"
  resolved "https://registry.yarnpkg.com/babel-types/-/babel-types-6.26.0.tgz#a3b073f94ab49eb6fa55cd65227a334380632497"
  integrity sha512-zhe3V/26rCWsEZK8kZN+HaQj5yQ1CilTObixFzKW1UWjqG7618Twz6YEsCnjfg5gBcJh02DrpCkS9h98ZqDY+g==
  dependencies:
    babel-runtime "^6.26.0"
    esutils "^2.0.2"
    lodash "^4.17.4"
    to-fast-properties "^1.0.3"

babylon@^6.18.0:
  version "6.18.0"
  resolved "https://registry.yarnpkg.com/babylon/-/babylon-6.18.0.tgz#af2f3b88fa6f5c1e4c634d1a0f8eac4f55b395e3"
  integrity sha512-q/UEjfGJ2Cm3oKV71DJz9d25TPnq5rhBVL2Q4fA5wcC3jcrdn7+SssEybFIxwAvvP+YCsCYNKughoF33GxgycQ==

balanced-match@^1.0.0:
  version "1.0.2"
  resolved "https://registry.yarnpkg.com/balanced-match/-/balanced-match-1.0.2.tgz#e83e3a7e3f300b34cb9d87f615fa0cbf357690ee"
  integrity sha512-3oSeUO0TMV67hN1AmbXsK4yaqU7tjiHlbxRDZOpH0KW9+CeX4bRAaX0Anxt0tx2MrpRpWwQaPwIlISEJhYU5Pw==

brace-expansion@^1.1.7:
  version "1.1.11"
  resolved "https://registry.yarnpkg.com/brace-expansion/-/brace-expansion-1.1.11.tgz#3c7fcbf529d87226f3d2f52b966ff5271eb441dd"
  integrity sha512-iCuPHDFgrHX7H2vEI/5xpz07zSHB00TpugqhmYtVmMO6518mCuRMoOYFldEBl0g187ufozdaHgWKcYFb61qGiA==
  dependencies:
    balanced-match "^1.0.0"
    concat-map "0.0.1"

chalk@^1.1.3:
  version "1.1.3"
  resolved "https://registry.yarnpkg.com/chalk/-/chalk-1.1.3.tgz#a8115c55e4a702fe4d150abd3872822a7e09fc98"
  integrity sha512-U3lRVLMSlsCfjqYPbLyVv11M9CPW4I728d6TCKMAOJueEeB9/8o+eSsMnxPJD+Q+K909sdESg7C+tIkoH6on1A==
  dependencies:
    ansi-styles "^2.2.1"
    escape-string-regexp "^1.0.2"
    has-ansi "^2.0.0"
    strip-ansi "^3.0.0"
    supports-color "^2.0.0"

chalk@^2.4.2:
  version "2.4.2"
  resolved "https://registry.yarnpkg.com/chalk/-/chalk-2.4.2.tgz#cd42541677a54333cf541a49108c1432b44c9424"
  integrity sha512-Mti+f9lpJNcwF4tWV8/OrTTtF1gZi+f8FqlyAdouralcFWFQWF2+NgCHShjkCb+IFBLq9buZwE1xckQU4peSuQ==
  dependencies:
    ansi-styles "^3.2.1"
    escape-string-regexp "^1.0.5"
    supports-color "^5.3.0"

color-convert@^1.9.0:
  version "1.9.3"
  resolved "https://registry.yarnpkg.com/color-convert/-/color-convert-1.9.3.tgz#bb71850690e1f136567de629d2d5471deda4c1e8"
  integrity sha512-QfAUtd+vFdAtFQcC8CCyYt1fYWxSqAiK2cSD6zDB8N3cpsEBAvRxp9zOGg6G/SHHJYAT88/az/IuDGALsNVbGg==
  dependencies:
    color-name "1.1.3"

color-name@1.1.3:
  version "1.1.3"
  resolved "https://registry.yarnpkg.com/color-name/-/color-name-1.1.3.tgz#a7d0558bd89c42f795dd42328f740831ca53bc25"
  integrity sha512-72fSenhMw2HZMTVHeCA9KCmpEIbzWiQsjN+BHcBbS9vr1mtt+vJjPdksIBNUmKAW8TFUDPJK5SUU3QhE9NEXDw==

commondir@^1.0.1:
  version "1.0.1"
  resolved "https://registry.yarnpkg.com/commondir/-/commondir-1.0.1.tgz#ddd800da0c66127393cca5950ea968a3aaf1253b"
  integrity sha512-W9pAhw0ja1Edb5GVdIF1mjZw/ASI0AlShXM83UUGe2DVr5TdAPEA1OA8m/g8zWp9x6On7gqufY+FatDbC3MDQg==

concat-map@0.0.1:
  version "0.0.1"
  resolved "https://registry.yarnpkg.com/concat-map/-/concat-map-0.0.1.tgz#d8a96bd77fd68df7793a73036a3ba0d5405d477b"
  integrity sha512-/Srv4dswyQNBfohGpz9o6Yb3Gz3SrUDqBH5rTuhGR7ahtlbYKnVxw2bCFMRljaA7EXHaXZ8wsHdodFvbkhKmqg==

convert-source-map@^1.5.1:
  version "1.9.0"
  resolved "https://registry.yarnpkg.com/convert-source-map/-/convert-source-map-1.9.0.tgz#7faae62353fb4213366d0ca98358d22e8368b05f"
  integrity sha512-ASFBup0Mz1uyiIjANan1jzLQami9z1PoYSZCiiYW2FczPbenXc45FZdBZLzOT+r6+iciuEModtmCti+hjaAk0A==

core-js@^2.4.0, core-js@^2.5.0:
  version "2.6.12"
  resolved "https://registry.yarnpkg.com/core-js/-/core-js-2.6.12.tgz#d9333dfa7b065e347cc5682219d6f690859cc2ec"
  integrity sha512-Kb2wC0fvsWfQrgk8HU5lW6U/Lcs8+9aaYcy4ZFc6DDlo4nZ7n70dEgE5rtR0oG6ufKDUnrwfWL1mXR5ljDatrQ==

csstype@^3.0.2:
  version "3.1.3"
  resolved "https://registry.yarnpkg.com/csstype/-/csstype-3.1.3.tgz#d80ff294d114fb0e6ac500fbf85b60137d7eff81"
  integrity sha512-M1uQkMl8rQK/szD0LNhtqxIPLpimGm8sOBwU7lLnCpSbTyY3yeU1Vc7l4KT5zT4s/yOxHH5O7tIuuLOCnLADRw==

debug@^2.6.8, debug@^2.6.9:
  version "2.6.9"
  resolved "https://registry.yarnpkg.com/debug/-/debug-2.6.9.tgz#5d128515df134ff327e90a4c93f4e077a536341f"
  integrity sha512-bC7ElrdJaJnPbAP+1EotYvqZsb3ecl5wi6Bfi6BJTUcNowp6cvspg0jXznRTKDjm/E7AdgFBVeAPVMNcKGsHMA==
  dependencies:
    ms "2.0.0"

detect-indent@^4.0.0:
  version "4.0.0"
  resolved "https://registry.yarnpkg.com/detect-indent/-/detect-indent-4.0.0.tgz#f76d064352cdf43a1cb6ce619c4ee3a9475de208"
  integrity sha512-BDKtmHlOzwI7iRuEkhzsnPoi5ypEhWAJB5RvHWe1kMr06js3uK5B3734i3ui5Yd+wOJV1cpE4JnivPD283GU/A==
  dependencies:
    repeating "^2.0.0"

escape-string-regexp@^1.0.2, escape-string-regexp@^1.0.5:
  version "1.0.5"
  resolved "https://registry.yarnpkg.com/escape-string-regexp/-/escape-string-regexp-1.0.5.tgz#1b61c0562190a8dff6ae3bb2cf0200ca130b86d4"
  integrity sha512-vbRorB5FUQWvla16U8R/qgaFIya2qGzwDrNmCZuYKrbdSUMG6I1ZCGQRefkRVhuOkIGVne7BQ35DSfo1qvJqFg==

eslint-plugin-react-hooks@^4.6.2:
  version "4.6.2"
  resolved "https://registry.yarnpkg.com/eslint-plugin-react-hooks/-/eslint-plugin-react-hooks-4.6.2.tgz#c829eb06c0e6f484b3fbb85a97e57784f328c596"
  integrity sha512-QzliNJq4GinDBcD8gPB5v0wh6g8q3SUi6EFF0x8N/BL9PoVs0atuGc47ozMRyOWAKdwaZ5OnbOEa3WR+dSGKuQ==

estree-walker@^2.0.1:
  version "2.0.2"
  resolved "https://registry.yarnpkg.com/estree-walker/-/estree-walker-2.0.2.tgz#52f010178c2a4c117a7757cfe942adb7d2da4cac"
  integrity sha512-Rfkk/Mp/DL7JVje3u18FxFujQlTNR2q6QfMSMB7AvCBx91NGj/ba3kCfza0f6dVDbw7YlRf/nDrn7pQrCCyQ/w==

esutils@^2.0.2:
  version "2.0.3"
  resolved "https://registry.yarnpkg.com/esutils/-/esutils-2.0.3.tgz#74d2eb4de0b8da1293711910d50775b9b710ef64"
  integrity sha512-kVscqXk4OCp68SZ0dkgEKVi6/8ij300KBWTJq32P/dYeWTSwK41WyTxalN1eRmA5Z9UU/LX9D7FWSmV9SAYx6g==

find-cache-dir@^3.3.2:
  version "3.3.2"
  resolved "https://registry.yarnpkg.com/find-cache-dir/-/find-cache-dir-3.3.2.tgz#b30c5b6eff0730731aea9bbd9dbecbd80256d64b"
  integrity sha512-wXZV5emFEjrridIgED11OoUKLxiYjAcqot/NJdAkOhlJ+vGzwhOAfcG5OX1jP+S0PcjEn8bdMJv+g2jwQ3Onig==
  dependencies:
    commondir "^1.0.1"
    make-dir "^3.0.2"
    pkg-dir "^4.1.0"

find-up@^4.0.0:
  version "4.1.0"
  resolved "https://registry.yarnpkg.com/find-up/-/find-up-4.1.0.tgz#97afe7d6cdc0bc5928584b7c8d7b16e8a9aa5d19"
  integrity sha512-PpOwAdQ/YlXQ2vj8a3h8IipDuYRi3wceVQQGYWxNINccq40Anw7BlsEXCMbt1Zt+OLA6Fq9suIpIWD0OsnISlw==
  dependencies:
    locate-path "^5.0.0"
    path-exists "^4.0.0"

fs-extra@^10.0.0:
  version "10.1.0"
  resolved "https://registry.yarnpkg.com/fs-extra/-/fs-extra-10.1.0.tgz#02873cfbc4084dde127eaa5f9905eef2325d1abf"
  integrity sha512-oRXApq54ETRj4eMiFzGnHWGy+zo5raudjuxN0b8H7s/RU2oW0Wvsx9O0ACRN/kRq9E8Vu/ReskGB5o3ji+FzHQ==
  dependencies:
    graceful-fs "^4.2.0"
    jsonfile "^6.0.1"
    universalify "^2.0.0"

fsevents@~2.3.2:
  version "2.3.3"
  resolved "https://registry.yarnpkg.com/fsevents/-/fsevents-2.3.3.tgz#cac6407785d03675a2a5e1a5305c697b347d90d6"
  integrity sha512-5xoDfX+fL7faATnagmWPpbFtwh/R77WmMMqqHGS65C3vvB0YHrgF+B1YmZ3441tMj5n63k0212XNoJwzlhffQw==

globals@^9.18.0:
  version "9.18.0"
  resolved "https://registry.yarnpkg.com/globals/-/globals-9.18.0.tgz#aa3896b3e69b487f17e31ed2143d69a8e30c2d8a"
  integrity sha512-S0nG3CLEQiY/ILxqtztTWH/3iRRdyBLw6KMDxnKMchrtbj2OFmehVh0WUCfW3DUrIgx/qFrJPICrq4Z4sTR9UQ==

graceful-fs@^4.1.6, graceful-fs@^4.2.0:
  version "4.2.11"
  resolved "https://registry.yarnpkg.com/graceful-fs/-/graceful-fs-4.2.11.tgz#4183e4e8bf08bb6e05bbb2f7d2e0c8f712ca40e3"
  integrity sha512-RbJ5/jmFcNNCcDV5o9eTnBLJ/HszWV0P73bc+Ff4nS/rJj+YaS6IGyiOL0VoBYX+l1Wrl3k63h/KrH+nhJ0XvQ==

has-ansi@^2.0.0:
  version "2.0.0"
  resolved "https://registry.yarnpkg.com/has-ansi/-/has-ansi-2.0.0.tgz#34f5049ce1ecdf2b0649af3ef24e45ed35416d91"
  integrity sha512-C8vBJ8DwUCx19vhm7urhTuUsr4/IyP6l4VzNQDv+ryHQObW3TTTp9yB68WpYgRe2bbaGuZ/se74IqFeVnMnLZg==
  dependencies:
    ansi-regex "^2.0.0"

has-flag@^3.0.0:
  version "3.0.0"
  resolved "https://registry.yarnpkg.com/has-flag/-/has-flag-3.0.0.tgz#b5d454dc2199ae225699f3467e5a07f3b955bafd"
  integrity sha512-sKJf1+ceQBr4SMkvQnBDNDtf4TXpVhVGateu0t918bl30FnbE2m4vNLX+VWe/dpjlb+HugGYzW7uQXH98HPEYw==

home-or-tmp@^2.0.0:
  version "2.0.0"
  resolved "https://registry.yarnpkg.com/home-or-tmp/-/home-or-tmp-2.0.0.tgz#e36c3f2d2cae7d746a857e38d18d5f32a7882db8"
  integrity sha512-ycURW7oUxE2sNiPVw1HVEFsW+ecOpJ5zaj7eC0RlwhibhRBod20muUN8qu/gzx956YrLolVvs1MTXwKgC2rVEg==
  dependencies:
    os-homedir "^1.0.0"
    os-tmpdir "^1.0.1"

invariant@^2.2.2:
  version "2.2.4"
  resolved "https://registry.yarnpkg.com/invariant/-/invariant-2.2.4.tgz#610f3c92c9359ce1db616e538008d23ff35158e6"
  integrity sha512-phJfQVBuaJM5raOpJjSfkiD6BpbCE4Ns//LaXl6wGYtUBY83nWS6Rf9tXm2e8VaK60JEjYldbPif/A2B1C2gNA==
  dependencies:
    loose-envify "^1.0.0"

is-finite@^1.0.0:
  version "1.1.0"
  resolved "https://registry.yarnpkg.com/is-finite/-/is-finite-1.1.0.tgz#904135c77fb42c0641d6aa1bcdbc4daa8da082f3"
  integrity sha512-cdyMtqX/BOqqNBBiKlIVkytNHm49MtMlYyn1zxzvJKWmFMlGzm+ry5BBfYyeY9YmNKbRSo/o7OX9w9ale0wg3w==

jest-worker@^24.0.0:
  version "24.9.0"
  resolved "https://registry.yarnpkg.com/jest-worker/-/jest-worker-24.9.0.tgz#5dbfdb5b2d322e98567898238a9697bcce67b3e5"
  integrity sha512-51PE4haMSXcHohnSMdM42anbvZANYTqMrr52tVKPqqsPJMzoP6FYYDVqahX/HrAoKEKz3uUPzSvKs9A3qR4iVw==
  dependencies:
    merge-stream "^2.0.0"
    supports-color "^6.1.0"

"js-tokens@^3.0.0 || ^4.0.0", js-tokens@^4.0.0:
  version "4.0.0"
  resolved "https://registry.yarnpkg.com/js-tokens/-/js-tokens-4.0.0.tgz#19203fb59991df98e3a287050d4647cdeaf32499"
  integrity sha512-RdJUflcE3cUzKiMqQgsCu06FPu9UdIJO0beYbPhHN4k6apgJtifcoCtT9bcxOpYBtpD2kCM6Sbzg4CausW/PKQ==

js-tokens@^3.0.2:
  version "3.0.2"
  resolved "https://registry.yarnpkg.com/js-tokens/-/js-tokens-3.0.2.tgz#9866df395102130e38f7f996bceb65443209c25b"
  integrity sha512-RjTcuD4xjtthQkaWH7dFlH85L+QaVtSoOyGdZ3g6HFhS9dFNDfLyqgm2NFe2X6cQpeFmt0452FJjFG5UameExg==

jsesc@^1.3.0:
  version "1.3.0"
  resolved "https://registry.yarnpkg.com/jsesc/-/jsesc-1.3.0.tgz#46c3fec8c1892b12b0833db9bc7622176dbab34b"
  integrity sha512-Mke0DA0QjUWuJlhsE0ZPPhYiJkRap642SmI/4ztCFaUs6V2AiH1sfecc+57NgaryfAA2VR3v6O+CSjC1jZJKOA==

json5@^0.5.1:
  version "0.5.1"
  resolved "https://registry.yarnpkg.com/json5/-/json5-0.5.1.tgz#1eade7acc012034ad84e2396767ead9fa5495821"
  integrity sha512-4xrs1aW+6N5DalkqSVA8fxh458CXvR99WU8WLKmq4v8eWAL86Xo3BVqyd3SkA9wEVjCMqyvvRRkshAdOnBp5rw==

jsonfile@^6.0.1:
  version "6.1.0"
  resolved "https://registry.yarnpkg.com/jsonfile/-/jsonfile-6.1.0.tgz#bc55b2634793c679ec6403094eb13698a6ec0aae"
  integrity sha512-5dgndWOriYSm5cnYaJNhalLNDKOqFwyDB/rr1E9ZsGciGvKPs8R2xYGCacuf3z6K1YKDz182fd+fY3cn3pMqXQ==
  dependencies:
    universalify "^2.0.0"
  optionalDependencies:
    graceful-fs "^4.1.6"

locate-path@^5.0.0:
  version "5.0.0"
  resolved "https://registry.yarnpkg.com/locate-path/-/locate-path-5.0.0.tgz#1afba396afd676a6d42504d0a67a3a7eb9f62aa0"
  integrity sha512-t7hw9pI+WvuwNJXwk5zVHpyhIqzg2qTlklJOf0mVxGSbe3Fp2VieZcduNYjaLDoy6p9uGpQEGWG87WpMKlNq8g==
  dependencies:
    p-locate "^4.1.0"

lodash@^4.17.4:
  version "4.17.21"
  resolved "https://registry.yarnpkg.com/lodash/-/lodash-4.17.21.tgz#679591c564c3bffaae8454cf0b3df370c3d6911c"
  integrity sha512-v2kDEe57lecTulaDIuNTPy3Ry4gLGJ6Z1O3vE1krgXZNrsQ+LFTGHVxVjcXPs17LhbZVGedAJv8XZ1tvj5FvSg==

loose-envify@^1.0.0, loose-envify@^1.1.0:
  version "1.4.0"
  resolved "https://registry.yarnpkg.com/loose-envify/-/loose-envify-1.4.0.tgz#71ee51fa7be4caec1a63839f7e682d8132d30caf"
  integrity sha512-lyuxPGr/Wfhrlem2CL/UcnUc1zcqKAImBDzukY7Y5F/yQiNdko6+fRLevlw1HgMySw7f611UIY408EtxRSoK3Q==
  dependencies:
    js-tokens "^3.0.0 || ^4.0.0"

make-dir@^3.0.2:
  version "3.1.0"
  resolved "https://registry.yarnpkg.com/make-dir/-/make-dir-3.1.0.tgz#415e967046b3a7f1d185277d84aa58203726a13f"
  integrity sha512-g3FeP20LNwhALb/6Cz6Dd4F2ngze0jz7tbzrD2wAV+o9FeNHe4rL+yK2md0J/fiSf1sa1ADhXqi5+oVwOM/eGw==
  dependencies:
    semver "^6.0.0"

merge-stream@^2.0.0:
  version "2.0.0"
  resolved "https://registry.yarnpkg.com/merge-stream/-/merge-stream-2.0.0.tgz#52823629a14dd00c9770fb6ad47dc6310f2c1f60"
  integrity sha512-abv/qOcuPfk3URPfDzmZU1LKmuw8kT+0nIHvKrKgFrwifol/doWcdA4ZqsWQ8ENrFKkd67Mfpo/LovbIUsbt3w==

minimatch@^3.0.4:
  version "3.1.2"
  resolved "https://registry.yarnpkg.com/minimatch/-/minimatch-3.1.2.tgz#19cd194bfd3e428f049a70817c038d89ab4be35b"
  integrity sha512-J7p63hRiAjw1NDEww1W7i37+ByIrOWO5XQQAzZ3VOcL0PNybwpfmV/N05zFAzwQ9USyEcX6t3UO+K5aqBQOIHw==
  dependencies:
    brace-expansion "^1.1.7"

minimist@^1.2.6:
  version "1.2.8"
  resolved "https://registry.yarnpkg.com/minimist/-/minimist-1.2.8.tgz#c1a464e7693302e082a075cee0c057741ac4772c"
  integrity sha512-2yyAR8qBkN3YuheJanUpWC5U3bb5osDywNB8RzDVlDwDHbocAJveqqj1u8+SVD7jkWT4yvsHCpWqqWqAxb0zCA==

mkdirp@^0.5.1:
  version "0.5.6"
  resolved "https://registry.yarnpkg.com/mkdirp/-/mkdirp-0.5.6.tgz#7def03d2432dcae4ba1d611445c48396062255f6"
  integrity sha512-FP+p8RB8OWpF3YZBCrP5gtADmtXApB5AMLn+vdyA+PyxCjrCs00mjyUozssO33cwDeT3wNGdLxJ5M//YqtHAJw==
  dependencies:
    minimist "^1.2.6"

ms@2.0.0:
  version "2.0.0"
  resolved "https://registry.yarnpkg.com/ms/-/ms-2.0.0.tgz#5608aeadfc00be6c2901df5f9861788de0d597c8"
  integrity sha512-Tpp60P6IUJDTuOq/5Z8cdskzJujfwqfOTkrwIwj7IRISpnkJnT6SyJ4PCPnGMoFjC9ddhal5KVIYtAt97ix05A==

os-homedir@^1.0.0:
  version "1.0.2"
  resolved "https://registry.yarnpkg.com/os-homedir/-/os-homedir-1.0.2.tgz#ffbc4988336e0e833de0c168c7ef152121aa7fb3"
  integrity sha512-B5JU3cabzk8c67mRRd3ECmROafjYMXbuzlwtqdM8IbS8ktlTix8aFGb2bAGKrSRIlnfKwovGUUr72JUPyOb6kQ==

os-tmpdir@^1.0.1:
  version "1.0.2"
  resolved "https://registry.yarnpkg.com/os-tmpdir/-/os-tmpdir-1.0.2.tgz#bbe67406c79aa85c5cfec766fe5734555dfa1274"
  integrity sha512-D2FR03Vir7FIu45XBY20mTb+/ZSWB00sjU9jdQXt83gDrI4Ztz5Fs7/yy74g2N5SVQY4xY1qDr4rNddwYRVX0g==

p-limit@^2.2.0:
  version "2.3.0"
  resolved "https://registry.yarnpkg.com/p-limit/-/p-limit-2.3.0.tgz#3dd33c647a214fdfffd835933eb086da0dc21db1"
  integrity sha512-//88mFWSJx8lxCzwdAABTJL2MyWB12+eIY7MDL2SqLmAkeKU9qxRvWuSyTjm3FUmpBEMuFfckAIqEaVGUDxb6w==
  dependencies:
    p-try "^2.0.0"

p-locate@^4.1.0:
  version "4.1.0"
  resolved "https://registry.yarnpkg.com/p-locate/-/p-locate-4.1.0.tgz#a3428bb7088b3a60292f66919278b7c297ad4f07"
  integrity sha512-R79ZZ/0wAxKGu3oYMlz8jy/kbhsNrS7SKZ7PxEHBgJ5+F2mtFW2fK2cOtBh1cHYkQsbzFV7I+EoRKe6Yt0oK7A==
  dependencies:
    p-limit "^2.2.0"

p-try@^2.0.0:
  version "2.2.0"
  resolved "https://registry.yarnpkg.com/p-try/-/p-try-2.2.0.tgz#cb2868540e313d61de58fafbe35ce9004d5540e6"
  integrity sha512-R4nPAVTAU0B9D35/Gk3uJf/7XYbQcyohSKdvAxIRSNghFl4e71hVoGnBNQz9cWaXxO2I10KTC+3jMdvvoKw6dQ==

path-exists@^4.0.0:
  version "4.0.0"
  resolved "https://registry.yarnpkg.com/path-exists/-/path-exists-4.0.0.tgz#513bdbe2d3b95d7762e8c1137efa195c6c61b5b3"
  integrity sha512-ak9Qy5Q7jYb2Wwcey5Fpvg2KoAc/ZIhLSLOSBmRmygPsGwkVVt0fZa0qrtMz+m6tJTAHfZQ8FnmB4MG4LWy7/w==

path-is-absolute@^1.0.1:
  version "1.0.1"
  resolved "https://registry.yarnpkg.com/path-is-absolute/-/path-is-absolute-1.0.1.tgz#174b9268735534ffbc7ace6bf53a5a9e1b5c5f5f"
  integrity sha512-AVbw3UJ2e9bq64vSaS9Am0fje1Pa8pbGqTTsmXfaIiMpnr5DlDhfJOuLj9Sf95ZPVDAUerDfEk88MPmPe7UCQg==

picocolors@^1.0.0:
  version "1.1.0"
  resolved "https://registry.yarnpkg.com/picocolors/-/picocolors-1.1.0.tgz#5358b76a78cde483ba5cef6a9dc9671440b27d59"
  integrity sha512-TQ92mBOW0l3LeMeyLV6mzy/kWr8lkd/hp3mTg7wYK7zJhuBStmGMBG0BdeDZS/dZx1IukaX6Bk11zcln25o1Aw==

picomatch@^2.2.2:
  version "2.3.1"
  resolved "https://registry.yarnpkg.com/picomatch/-/picomatch-2.3.1.tgz#3ba3833733646d9d3e4995946c1365a67fb07a42"
  integrity sha512-JU3teHTNjmE2VCGFzuY8EXzCDVwEqB2a8fsIvwaStHhAWJEeVd1o1QD80CU6+ZdEXXSLbSsuLwJjkCBWqRQUVA==

pkg-dir@^4.1.0:
  version "4.2.0"
  resolved "https://registry.yarnpkg.com/pkg-dir/-/pkg-dir-4.2.0.tgz#f099133df7ede422e81d1d8448270eeb3e4261f3"
  integrity sha512-HRDzbaKjC+AOWVXxAU/x54COGeIv9eb+6CkDSQoNTt4XyWoIJvuPsXizxu/Fr23EiekbtZwmh1IcIG/l/a10GQ==
  dependencies:
    find-up "^4.0.0"

private@^0.1.8:
  version "0.1.8"
  resolved "https://registry.yarnpkg.com/private/-/private-0.1.8.tgz#2381edb3689f7a53d653190060fcf822d2f368ff"
  integrity sha512-VvivMrbvd2nKkiG38qjULzlc+4Vx4wm/whI9pQD35YrARNnhxeiRktSOhSukRLFNlzg6Br/cJPet5J/u19r/mg==

react-dom@^18.3.1:
  version "18.3.1"
  resolved "https://registry.yarnpkg.com/react-dom/-/react-dom-18.3.1.tgz#c2265d79511b57d479b3dd3fdfa51536494c5cb4"
  integrity sha512-5m4nQKp+rZRb09LNH59GM4BxTh9251/ylbKIbpe7TpGxfJ+9kv6BLkLBXIjjspbgbnIBNqlI23tRnTWT0snUIw==
  dependencies:
    loose-envify "^1.1.0"
    scheduler "^0.23.2"

react@^18.3.1:
  version "18.3.1"
  resolved "https://registry.yarnpkg.com/react/-/react-18.3.1.tgz#49ab892009c53933625bd16b2533fc754cab2891"
  integrity sha512-wS+hAgJShR0KhEvPJArfuPVN1+Hz1t0Y6n5jLrGQbkb4urgPE/0Rve+1kMB1v/oWgHgm4WIcV+i7F2pTVj+2iQ==
  dependencies:
    loose-envify "^1.1.0"

regenerator-runtime@^0.11.0:
  version "0.11.1"
  resolved "https://registry.yarnpkg.com/regenerator-runtime/-/regenerator-runtime-0.11.1.tgz#be05ad7f9bf7d22e056f9726cee5017fbf19e2e9"
  integrity sha512-MguG95oij0fC3QV3URf4V2SDYGJhJnJGqvIIgdECeODCT98wSWDAJ94SSuVpYQUoTcGUIL6L4yNB7j1DFFHSBg==

repeating@^2.0.0:
  version "2.0.1"
  resolved "https://registry.yarnpkg.com/repeating/-/repeating-2.0.1.tgz#5214c53a926d3552707527fbab415dbc08d06dda"
  integrity sha512-ZqtSMuVybkISo2OWvqvm7iHSWngvdaW3IpsT9/uP8v4gMi591LY6h35wdOfvQdWCKFWZWm2Y1Opp4kV7vQKT6A==
  dependencies:
    is-finite "^1.0.0"

rollup-plugin-typescript2@^0.36.0:
  version "0.36.0"
  resolved "https://registry.yarnpkg.com/rollup-plugin-typescript2/-/rollup-plugin-typescript2-0.36.0.tgz#309564eb70d710412f5901344ca92045e180ed53"
  integrity sha512-NB2CSQDxSe9+Oe2ahZbf+B4bh7pHwjV5L+RSYpCu7Q5ROuN94F9b6ioWwKfz3ueL3KTtmX4o2MUH2cgHDIEUsw==
  dependencies:
    "@rollup/pluginutils" "^4.1.2"
    find-cache-dir "^3.3.2"
    fs-extra "^10.0.0"
    semver "^7.5.4"
    tslib "^2.6.2"

rollup-plugin-uglify@^6.0.4:
  version "6.0.4"
  resolved "https://registry.yarnpkg.com/rollup-plugin-uglify/-/rollup-plugin-uglify-6.0.4.tgz#65a0959d91586627f1e46a7db966fd504ec6c4e6"
  integrity sha512-ddgqkH02klveu34TF0JqygPwZnsbhHVI6t8+hGTcYHngPkQb5MIHI0XiztXIN/d6V9j+efwHAqEL7LspSxQXGw==
  dependencies:
    "@babel/code-frame" "^7.0.0"
    jest-worker "^24.0.0"
    serialize-javascript "^2.1.2"
    uglify-js "^3.4.9"

rollup@^4.21.3:
  version "4.21.3"
  resolved "https://registry.yarnpkg.com/rollup/-/rollup-4.21.3.tgz#c64ba119e6aeb913798a6f7eef2780a0df5a0821"
  integrity sha512-7sqRtBNnEbcBtMeRVc6VRsJMmpI+JU1z9VTvW8D4gXIYQFz0aLcsE6rRkyghZkLfEgUZgVvOG7A5CVz/VW5GIA==
  dependencies:
    "@types/estree" "1.0.5"
  optionalDependencies:
    "@rollup/rollup-android-arm-eabi" "4.21.3"
    "@rollup/rollup-android-arm64" "4.21.3"
    "@rollup/rollup-darwin-arm64" "4.21.3"
    "@rollup/rollup-darwin-x64" "4.21.3"
    "@rollup/rollup-linux-arm-gnueabihf" "4.21.3"
    "@rollup/rollup-linux-arm-musleabihf" "4.21.3"
    "@rollup/rollup-linux-arm64-gnu" "4.21.3"
    "@rollup/rollup-linux-arm64-musl" "4.21.3"
    "@rollup/rollup-linux-powerpc64le-gnu" "4.21.3"
    "@rollup/rollup-linux-riscv64-gnu" "4.21.3"
    "@rollup/rollup-linux-s390x-gnu" "4.21.3"
    "@rollup/rollup-linux-x64-gnu" "4.21.3"
    "@rollup/rollup-linux-x64-musl" "4.21.3"
    "@rollup/rollup-win32-arm64-msvc" "4.21.3"
    "@rollup/rollup-win32-ia32-msvc" "4.21.3"
    "@rollup/rollup-win32-x64-msvc" "4.21.3"
    fsevents "~2.3.2"

scheduler@^0.23.2:
  version "0.23.2"
  resolved "https://registry.yarnpkg.com/scheduler/-/scheduler-0.23.2.tgz#414ba64a3b282892e944cf2108ecc078d115cdc3"
  integrity sha512-UOShsPwz7NrMUqhR6t0hWjFduvOzbtv7toDH1/hIrfRNIDBnnBWd0CwJTGvTpngVlmwGCdP9/Zl/tVrDqcuYzQ==
  dependencies:
    loose-envify "^1.1.0"

semver@^6.0.0:
  version "6.3.1"
  resolved "https://registry.yarnpkg.com/semver/-/semver-6.3.1.tgz#556d2ef8689146e46dcea4bfdd095f3434dffcb4"
  integrity sha512-BR7VvDCVHO+q2xBEWskxS6DJE1qRnb7DxzUrogb71CWoSficBxYsiAGd+Kl0mmq/MprG9yArRkyrQxTO6XjMzA==

semver@^7.5.4:
  version "7.6.3"
  resolved "https://registry.yarnpkg.com/semver/-/semver-7.6.3.tgz#980f7b5550bc175fb4dc09403085627f9eb33143"
  integrity sha512-oVekP1cKtI+CTDvHWYFUcMtsK/00wmAEfyqKfNdARm8u1wNVhSgaX7A8d4UuIlUI5e84iEwOhs7ZPYRmzU9U6A==

serialize-javascript@^2.1.2:
  version "2.1.2"
  resolved "https://registry.yarnpkg.com/serialize-javascript/-/serialize-javascript-2.1.2.tgz#ecec53b0e0317bdc95ef76ab7074b7384785fa61"
  integrity sha512-rs9OggEUF0V4jUSecXazOYsLfu7OGK2qIn3c7IPBiffz32XniEp/TX9Xmc9LQfK2nQ2QKHvZ2oygKUGU0lG4jQ==

slash@^1.0.0:
  version "1.0.0"
  resolved "https://registry.yarnpkg.com/slash/-/slash-1.0.0.tgz#c41f2f6c39fc16d1cd17ad4b5d896114ae470d55"
  integrity sha512-3TYDR7xWt4dIqV2JauJr+EJeW356RXijHeUlO+8djJ+uBXPn8/2dpzBc8yQhh583sVvc9CvFAeQVgijsH+PNNg==

source-map-support@^0.4.15:
  version "0.4.18"
  resolved "https://registry.yarnpkg.com/source-map-support/-/source-map-support-0.4.18.tgz#0286a6de8be42641338594e97ccea75f0a2c585f"
  integrity sha512-try0/JqxPLF9nOjvSta7tVondkP5dwgyLDjVoyMDlmjugT2lRZ1OfsrYTkCd2hkDnJTKRbO/Rl3orm8vlsUzbA==
  dependencies:
    source-map "^0.5.6"

source-map@^0.5.6, source-map@^0.5.7:
  version "0.5.7"
  resolved "https://registry.yarnpkg.com/source-map/-/source-map-0.5.7.tgz#8a039d2d1021d22d1ea14c80d8ea468ba2ef3fcc"
  integrity sha512-LbrmJOMUSdEVxIKvdcJzQC+nQhe8FUZQTXQy6+I75skNgn3OoQ0DZA8YnFa7gp8tqtL3KPf1kmo0R5DoApeSGQ==

strip-ansi@^3.0.0:
  version "3.0.1"
  resolved "https://registry.yarnpkg.com/strip-ansi/-/strip-ansi-3.0.1.tgz#6a385fb8853d952d5ff05d0e8aaf94278dc63dcf"
  integrity sha512-VhumSSbBqDTP8p2ZLKj40UjBCV4+v8bUSEpUb4KjRgWk9pbqGF4REFj6KEagidb2f/M6AzC0EmFyDNGaw9OCzg==
  dependencies:
    ansi-regex "^2.0.0"

supports-color@^2.0.0:
  version "2.0.0"
  resolved "https://registry.yarnpkg.com/supports-color/-/supports-color-2.0.0.tgz#535d045ce6b6363fa40117084629995e9df324c7"
  integrity sha512-KKNVtd6pCYgPIKU4cp2733HWYCpplQhddZLBUryaAHou723x+FRzQ5Df824Fj+IyyuiQTRoub4SnIFfIcrp70g==

supports-color@^5.3.0:
  version "5.5.0"
  resolved "https://registry.yarnpkg.com/supports-color/-/supports-color-5.5.0.tgz#e2e69a44ac8772f78a1ec0b35b689df6530efc8f"
  integrity sha512-QjVjwdXIt408MIiAqCX4oUKsgU2EqAGzs2Ppkm4aQYbjm+ZEWEcW4SfFNTr4uMNZma0ey4f5lgLrkB0aX0QMow==
  dependencies:
    has-flag "^3.0.0"

supports-color@^6.1.0:
  version "6.1.0"
  resolved "https://registry.yarnpkg.com/supports-color/-/supports-color-6.1.0.tgz#0764abc69c63d5ac842dd4867e8d025e880df8f3"
  integrity sha512-qe1jfm1Mg7Nq/NSh6XE24gPXROEVsWHxC1LIx//XNlD9iw7YZQGjZNjYN7xGaEG6iKdA8EtNFW6R0gjnVXp+wQ==
  dependencies:
    has-flag "^3.0.0"

to-fast-properties@^1.0.3:
  version "1.0.3"
  resolved "https://registry.yarnpkg.com/to-fast-properties/-/to-fast-properties-1.0.3.tgz#b83571fa4d8c25b82e231b06e3a3055de4ca1a47"
  integrity sha512-lxrWP8ejsq+7E3nNjwYmUBMAgjMTZoTI+sdBOpvNyijeDLa29LUn9QaoXAHv4+Z578hbmHHJKZknzxVtvo77og==

trim-right@^1.0.1:
  version "1.0.1"
  resolved "https://registry.yarnpkg.com/trim-right/-/trim-right-1.0.1.tgz#cb2e1203067e0c8de1f614094b9fe45704ea6003"
  integrity sha512-WZGXGstmCWgeevgTL54hrCuw1dyMQIzWy7ZfqRJfSmJZBwklI15egmQytFP6bPidmw3M8d5yEowl1niq4vmqZw==

tslib@^2.6.2:
  version "2.7.0"
  resolved "https://registry.yarnpkg.com/tslib/-/tslib-2.7.0.tgz#d9b40c5c40ab59e8738f297df3087bf1a2690c01"
  integrity sha512-gLXCKdN1/j47AiHiOkJN69hJmcbGTHI0ImLmbYLHykhgeN0jVGola9yVjFgzCUklsZQMW55o+dW7IXv3RCXDzA==

typescript@^5.6.2:
  version "5.6.2"
  resolved "https://registry.yarnpkg.com/typescript/-/typescript-5.6.2.tgz#d1de67b6bef77c41823f822df8f0b3bcff60a5a0"
  integrity sha512-NW8ByodCSNCwZeghjN3o+JX5OFH0Ojg6sadjEKY4huZ52TqbJTJnDo5+Tw98lSy63NZvi4n+ez5m2u5d4PkZyw==

uglify-js@^3.4.9:
  version "3.19.3"
  resolved "https://registry.yarnpkg.com/uglify-js/-/uglify-js-3.19.3.tgz#82315e9bbc6f2b25888858acd1fff8441035b77f"
  integrity sha512-v3Xu+yuwBXisp6QYTcH4UbH+xYJXqnq2m/LtQVWKWzYc1iehYnLixoQDN9FH6/j9/oybfd6W9Ghwkl8+UMKTKQ==

universalify@^2.0.0:
  version "2.0.1"
  resolved "https://registry.yarnpkg.com/universalify/-/universalify-2.0.1.tgz#168efc2180964e6386d061e094df61afe239b18d"
  integrity sha512-gptHNQghINnc/vTGIk0SOFGFNXw7JVrlRUtConJRlvaw6DuX0wO5Jeko9sWrMBhh+PsYAZ7oXAiOnf/UKogyiw==
